
Microsoft Visual Studio Solution File, Format Version 12.00
# Visual Studio Version 16
VisualStudioVersion = 16.0.31911.196
MinimumVisualStudioVersion = 10.0.40219.1
Project("{9A19103F-16F7-4668-BE54-9A1E7A4F7556}") = "library", "library.csproj", "{B58E20E9-2E05-4DB3-ADB3-A37E464E418F}"
EndProject
Global
	GlobalSection(SolutionConfigurationPlatforms) = preSolution
		Debug|Any CPU = Debug|Any CPU
		Release|Any CPU = Release|Any CPU
	EndGlobalSection
	GlobalSection(ProjectConfigurationPlatforms) = postSolution
		{B58E20E9-2E05-4DB3-ADB3-A37E464E418F}.Debug|Any CPU.ActiveCfg = Debug|Any CPU
		{B58E20E9-2E05-4DB3-ADB3-A37E464E418F}.Debug|Any CPU.Build.0 = Debug|Any CPU
		{B58E20E9-2E05-4DB3-ADB3-A37E464E418F}.Release|Any CPU.ActiveCfg = Release|Any CPU
		{B58E20E9-2E05-4DB3-ADB3-A37E464E418F}.Release|Any CPU.Build.0 = Release|Any CPU
	EndGlobalSection
	GlobalSection(SolutionProperties) = preSolution
		HideSolutionNode = FALSE
	EndGlobalSection
	GlobalSection(ExtensibilityGlobals) = postSolution
		SolutionGuid = {7696781A-E38B-4264-92D5-3408389596FF}
	EndGlobalSection
EndGlobal
